
Microsoft Visual Studio Solution File, Format Version 12.00
# Visual Studio Version 17
VisualStudioVersion = 17.3.32929.385
MinimumVisualStudioVersion = 10.0.40219.1
Project("{2150E333-8FDC-42A3-9474-1A3956D46DE8}") = "Services", "Services", "{72E7ADEE-D98A-44D6-B036-5EBA0161AD10}"
EndProject
Project("{2150E333-8FDC-42A3-9474-1A3956D46DE8}") = "Catalog", "Catalog", "{EFAE6831-DD34-4609-968A-8CDB26A15560}"
EndProject
Project("{9A19103F-16F7-4668-BE54-9A1E7A4F7556}") = "Catalog.API", "Services\Catalog\Catalog.API\Catalog.API.csproj", "{1D9EC30F-DE12-4639-8BBA-AF67BEE8C483}"
EndProject
Project("{E53339B2-1760-4266-BCC7-CA923CBCF16C}") = "docker-compose", "docker-compose.dcproj", "{48C3319A-5423-41CC-B377-EFD550CEC4C3}"
EndProject
Project("{2150E333-8FDC-42A3-9474-1A3956D46DE8}") = "Basket", "Basket", "{FCA38E1C-05C4-46D6-B7BA-81D22192DF20}"
EndProject
Project("{9A19103F-16F7-4668-BE54-9A1E7A4F7556}") = "Basket.API", "Services\Basket\Basket.API\Basket.API.csproj", "{FC50FFC6-2612-4AAD-B4CA-083A4E1CD994}"
EndProject
Project("{2150E333-8FDC-42A3-9474-1A3956D46DE8}") = "Discount", "Discount", "{4638EF7A-9056-41E3-8639-BEA926AAED6A}"
EndProject
Project("{9A19103F-16F7-4668-BE54-9A1E7A4F7556}") = "Discount.API", "Services\Discount\Discount.API\Discount.API.csproj", "{3C01367C-2143-49C7-9FA0-A0F03286B750}"
EndProject
Project("{9A19103F-16F7-4668-BE54-9A1E7A4F7556}") = "Discount.Grpc", "Services\Discount\Discount.Grpc\Discount.Grpc.csproj", "{3F82456B-CEA6-4575-AE1E-6CADFF6E43DC}"
EndProject
Project("{2150E333-8FDC-42A3-9474-1A3956D46DE8}") = "Ordering", "Ordering", "{AD7C061C-F754-4E10-A65D-C88EB573744A}"
EndProject
Project("{9A19103F-16F7-4668-BE54-9A1E7A4F7556}") = "Ordering.API", "Services\Ordering\Ordering.API\Ordering.API.csproj", "{369B1AA5-26D6-4062-B07E-6557DD463C34}"
EndProject
Project("{9A19103F-16F7-4668-BE54-9A1E7A4F7556}") = "Ordering.Domain", "Services\Ordering\Ordering.Domain\Ordering.Domain.csproj", "{427E0CCB-6DC8-44D3-8529-084F3A569A1D}"
EndProject
Project("{9A19103F-16F7-4668-BE54-9A1E7A4F7556}") = "Ordering.Application", "Services\Ordering\Ordering.Application\Ordering.Application.csproj", "{43856769-1F23-4889-8DB2-42CD8DF3648B}"
EndProject
Project("{9A19103F-16F7-4668-BE54-9A1E7A4F7556}") = "Ordering.Infrastructure", "Services\Ordering\Ordering.Infrastructure\Ordering.Infrastructure.csproj", "{54E6A836-46E1-4529-9F67-733E203B31D6}"
EndProject
Project("{2150E333-8FDC-42A3-9474-1A3956D46DE8}") = "BuildingBlocks", "BuildingBlocks", "{86679843-E006-4853-B3F1-0758016EDB8D}"
EndProject
Project("{9A19103F-16F7-4668-BE54-9A1E7A4F7556}") = "EventBus.Messages", "BuildingBlocks\EventBus.Messages\EventBus.Messages.csproj", "{A3CF293B-6AD8-47BC-BA44-761268CBAA8E}"
EndProject
Project("{2150E333-8FDC-42A3-9474-1A3956D46DE8}") = "ApiGateways", "ApiGateways", "{4E15DDBA-06FE-4A2E-A4E8-17BC62A7E828}"
EndProject
Project("{9A19103F-16F7-4668-BE54-9A1E7A4F7556}") = "OcelotApiGw", "ApiGateways\OcelotApiGw\OcelotApiGw.csproj", "{34EB6807-12F7-4EF4-A72D-73390865B24E}"
EndProject
Project("{FAE04EC0-301F-11D3-BF4B-00C04F79EFBC}") = "Shopping.Aggregator", "ApiGateways\Shopping.Aggregator\Shopping.Aggregator.csproj", "{F7EE0060-C00F-472B-8835-E03286E4C3CC}"
EndProject
Global
	GlobalSection(SolutionConfigurationPlatforms) = preSolution
		Debug|Any CPU = Debug|Any CPU
		Release|Any CPU = Release|Any CPU
	EndGlobalSection
	GlobalSection(ProjectConfigurationPlatforms) = postSolution
		{1D9EC30F-DE12-4639-8BBA-AF67BEE8C483}.Debug|Any CPU.ActiveCfg = Debug|Any CPU
		{1D9EC30F-DE12-4639-8BBA-AF67BEE8C483}.Debug|Any CPU.Build.0 = Debug|Any CPU
		{1D9EC30F-DE12-4639-8BBA-AF67BEE8C483}.Release|Any CPU.ActiveCfg = Release|Any CPU
		{1D9EC30F-DE12-4639-8BBA-AF67BEE8C483}.Release|Any CPU.Build.0 = Release|Any CPU
		{48C3319A-5423-41CC-B377-EFD550CEC4C3}.Debug|Any CPU.ActiveCfg = Debug|Any CPU
		{48C3319A-5423-41CC-B377-EFD550CEC4C3}.Debug|Any CPU.Build.0 = Debug|Any CPU
		{48C3319A-5423-41CC-B377-EFD550CEC4C3}.Release|Any CPU.ActiveCfg = Release|Any CPU
		{48C3319A-5423-41CC-B377-EFD550CEC4C3}.Release|Any CPU.Build.0 = Release|Any CPU
		{FC50FFC6-2612-4AAD-B4CA-083A4E1CD994}.Debug|Any CPU.ActiveCfg = Debug|Any CPU
		{FC50FFC6-2612-4AAD-B4CA-083A4E1CD994}.Debug|Any CPU.Build.0 = Debug|Any CPU
		{FC50FFC6-2612-4AAD-B4CA-083A4E1CD994}.Release|Any CPU.ActiveCfg = Release|Any CPU
		{FC50FFC6-2612-4AAD-B4CA-083A4E1CD994}.Release|Any CPU.Build.0 = Release|Any CPU
		{3C01367C-2143-49C7-9FA0-A0F03286B750}.Debug|Any CPU.ActiveCfg = Debug|Any CPU
		{3C01367C-2143-49C7-9FA0-A0F03286B750}.Debug|Any CPU.Build.0 = Debug|Any CPU
		{3C01367C-2143-49C7-9FA0-A0F03286B750}.Release|Any CPU.ActiveCfg = Release|Any CPU
		{3C01367C-2143-49C7-9FA0-A0F03286B750}.Release|Any CPU.Build.0 = Release|Any CPU
		{3F82456B-CEA6-4575-AE1E-6CADFF6E43DC}.Debug|Any CPU.ActiveCfg = Debug|Any CPU
		{3F82456B-CEA6-4575-AE1E-6CADFF6E43DC}.Debug|Any CPU.Build.0 = Debug|Any CPU
		{3F82456B-CEA6-4575-AE1E-6CADFF6E43DC}.Release|Any CPU.ActiveCfg = Release|Any CPU
		{3F82456B-CEA6-4575-AE1E-6CADFF6E43DC}.Release|Any CPU.Build.0 = Release|Any CPU
		{369B1AA5-26D6-4062-B07E-6557DD463C34}.Debug|Any CPU.ActiveCfg = Debug|Any CPU
		{369B1AA5-26D6-4062-B07E-6557DD463C34}.Debug|Any CPU.Build.0 = Debug|Any CPU
		{369B1AA5-26D6-4062-B07E-6557DD463C34}.Release|Any CPU.ActiveCfg = Release|Any CPU
		{369B1AA5-26D6-4062-B07E-6557DD463C34}.Release|Any CPU.Build.0 = Release|Any CPU
		{427E0CCB-6DC8-44D3-8529-084F3A569A1D}.Debug|Any CPU.ActiveCfg = Debug|Any CPU
		{427E0CCB-6DC8-44D3-8529-084F3A569A1D}.Debug|Any CPU.Build.0 = Debug|Any CPU
		{427E0CCB-6DC8-44D3-8529-084F3A569A1D}.Release|Any CPU.ActiveCfg = Release|Any CPU
		{427E0CCB-6DC8-44D3-8529-084F3A569A1D}.Release|Any CPU.Build.0 = Release|Any CPU
		{43856769-1F23-4889-8DB2-42CD8DF3648B}.Debug|Any CPU.ActiveCfg = Debug|Any CPU
		{43856769-1F23-4889-8DB2-42CD8DF3648B}.Debug|Any CPU.Build.0 = Debug|Any CPU
		{43856769-1F23-4889-8DB2-42CD8DF3648B}.Release|Any CPU.ActiveCfg = Release|Any CPU
		{43856769-1F23-4889-8DB2-42CD8DF3648B}.Release|Any CPU.Build.0 = Release|Any CPU
		{54E6A836-46E1-4529-9F67-733E203B31D6}.Debug|Any CPU.ActiveCfg = Debug|Any CPU
		{54E6A836-46E1-4529-9F67-733E203B31D6}.Debug|Any CPU.Build.0 = Debug|Any CPU
		{54E6A836-46E1-4529-9F67-733E203B31D6}.Release|Any CPU.ActiveCfg = Release|Any CPU
		{54E6A836-46E1-4529-9F67-733E203B31D6}.Release|Any CPU.Build.0 = Release|Any CPU
		{A3CF293B-6AD8-47BC-BA44-761268CBAA8E}.Debug|Any CPU.ActiveCfg = Debug|Any CPU
		{A3CF293B-6AD8-47BC-BA44-761268CBAA8E}.Debug|Any CPU.Build.0 = Debug|Any CPU
		{A3CF293B-6AD8-47BC-BA44-761268CBAA8E}.Release|Any CPU.ActiveCfg = Release|Any CPU
		{A3CF293B-6AD8-47BC-BA44-761268CBAA8E}.Release|Any CPU.Build.0 = Release|Any CPU
		{34EB6807-12F7-4EF4-A72D-73390865B24E}.Debug|Any CPU.ActiveCfg = Debug|Any CPU
		{34EB6807-12F7-4EF4-A72D-73390865B24E}.Debug|Any CPU.Build.0 = Debug|Any CPU
		{34EB6807-12F7-4EF4-A72D-73390865B24E}.Release|Any CPU.ActiveCfg = Release|Any CPU
		{34EB6807-12F7-4EF4-A72D-73390865B24E}.Release|Any CPU.Build.0 = Release|Any CPU
		{F7EE0060-C00F-472B-8835-E03286E4C3CC}.Debug|Any CPU.ActiveCfg = Debug|Any CPU
		{F7EE0060-C00F-472B-8835-E03286E4C3CC}.Debug|Any CPU.Build.0 = Debug|Any CPU
		{F7EE0060-C00F-472B-8835-E03286E4C3CC}.Release|Any CPU.ActiveCfg = Release|Any CPU
		{F7EE0060-C00F-472B-8835-E03286E4C3CC}.Release|Any CPU.Build.0 = Release|Any CPU
	EndGlobalSection
	GlobalSection(SolutionProperties) = preSolution
		HideSolutionNode = FALSE
	EndGlobalSection
	GlobalSection(NestedProjects) = preSolution
		{EFAE6831-DD34-4609-968A-8CDB26A15560} = {72E7ADEE-D98A-44D6-B036-5EBA0161AD10}
		{1D9EC30F-DE12-4639-8BBA-AF67BEE8C483} = {EFAE6831-DD34-4609-968A-8CDB26A15560}
		{FCA38E1C-05C4-46D6-B7BA-81D22192DF20} = {72E7ADEE-D98A-44D6-B036-5EBA0161AD10}
		{FC50FFC6-2612-4AAD-B4CA-083A4E1CD994} = {FCA38E1C-05C4-46D6-B7BA-81D22192DF20}
		{4638EF7A-9056-41E3-8639-BEA926AAED6A} = {72E7ADEE-D98A-44D6-B036-5EBA0161AD10}
		{3C01367C-2143-49C7-9FA0-A0F03286B750} = {4638EF7A-9056-41E3-8639-BEA926AAED6A}
		{3F82456B-CEA6-4575-AE1E-6CADFF6E43DC} = {4638EF7A-9056-41E3-8639-BEA926AAED6A}
		{AD7C061C-F754-4E10-A65D-C88EB573744A} = {72E7ADEE-D98A-44D6-B036-5EBA0161AD10}
		{369B1AA5-26D6-4062-B07E-6557DD463C34} = {AD7C061C-F754-4E10-A65D-C88EB573744A}
		{427E0CCB-6DC8-44D3-8529-084F3A569A1D} = {AD7C061C-F754-4E10-A65D-C88EB573744A}
		{43856769-1F23-4889-8DB2-42CD8DF3648B} = {AD7C061C-F754-4E10-A65D-C88EB573744A}
		{54E6A836-46E1-4529-9F67-733E203B31D6} = {AD7C061C-F754-4E10-A65D-C88EB573744A}
		{A3CF293B-6AD8-47BC-BA44-761268CBAA8E} = {86679843-E006-4853-B3F1-0758016EDB8D}
		{34EB6807-12F7-4EF4-A72D-73390865B24E} = {4E15DDBA-06FE-4A2E-A4E8-17BC62A7E828}
		{F7EE0060-C00F-472B-8835-E03286E4C3CC} = {4E15DDBA-06FE-4A2E-A4E8-17BC62A7E828}
	EndGlobalSection
	GlobalSection(ExtensibilityGlobals) = postSolution
		SolutionGuid = {7C084871-702C-4567-A0C8-227399942D01}
	EndGlobalSection
EndGlobal
